{
  "version": 4,
  "terraform_version": "1.9.8",
  "serial": 739,
  "lineage": "f7ffbf9c-94dd-bf63-1e82-948dc45a3a3b",
  "outputs": {},
  "resources": [
    {
      "mode": "data",
      "type": "azurerm_client_config",
      "name": "current",
      "provider": "provider[\"registry.terraform.io/hashicorp/azurerm\"]",
      "instances": [
        {
          "schema_version": 0,
          "attributes": {
            "client_id": "6ee5a269-2d05-4d6d-a29f-84ed11013d26",
            "id": "Y2xpZW50Q29uZmlncy9jbGllbnRJZD02ZWU1YTI2OS0yZDA1LTRkNmQtYTI5Zi04NGVkMTEwMTNkMjY7b2JqZWN0SWQ9YjY5ZDhjZGItYjE2MS00ZjY0LWEzZGYtMGJkNGZkODUyMWVhO3N1YnNjcmlwdGlvbklkPTc4ODZjMWU2LTIyYzItNGJhZC1iYjE0LWE1NzUwZjRlNTU0Mjt0ZW5hbnRJZD03YWRlNGI3ZS02OTFiLTQxZjUtOTY3Yy0wMjBkNjYzMTMzOGY=",
            "object_id": "b69d8cdb-b161-4f64-a3df-0bd4fd8521ea",
            "subscription_id": "7886c1e6-22c2-4bad-bb14-a5750f4e5542",
            "tenant_id": "7ade4b7e-691b-41f5-967c-020d6631338f",
            "timeouts": null
          },
          "sensitive_attributes": []
        }
      ]
    },
    {
      "mode": "managed",
      "type": "azurerm_key_vault",
      "name": "main",
      "provider": "provider[\"registry.terraform.io/hashicorp/azurerm\"]",
      "instances": [
        {
          "schema_version": 2,
          "attributes": {
            "access_policy": [
              {
                "application_id": "",
                "certificate_permissions": [],
                "key_permissions": [],
                "object_id": "b69d8cdb-b161-4f64-a3df-0bd4fd8521ea",
                "secret_permissions": [
                  "Get",
                  "Set",
                  "List",
                  "Delete",
                  "Recover",
                  "Purge"
                ],
                "storage_permissions": [],
                "tenant_id": "7ade4b7e-691b-41f5-967c-020d6631338f"
              },
              {
                "application_id": "",
                "certificate_permissions": [],
                "key_permissions": [],
                "object_id": "83267db9-739b-4714-9ad0-b1ed46ad0470",
                "secret_permissions": [
                  "Get",
                  "List"
                ],
                "storage_permissions": [],
                "tenant_id": "7ade4b7e-691b-41f5-967c-020d6631338f"
              }
            ],
            "contact": [],
            "enable_rbac_authorization": false,
            "enabled_for_deployment": false,
            "enabled_for_disk_encryption": false,
            "enabled_for_template_deployment": false,
            "id": "/subscriptions/7886c1e6-22c2-4bad-bb14-a5750f4e5542/resourceGroups/my-azure-resources/providers/Microsoft.KeyVault/vaults/WebApp-KeyVault-421",
            "location": "eastus",
            "name": "WebApp-KeyVault-421",
            "network_acls": [
              {
                "bypass": "AzureServices",
                "default_action": "Allow",
                "ip_rules": [],
                "virtual_network_subnet_ids": []
              }
            ],
            "public_network_access_enabled": true,
            "purge_protection_enabled": false,
            "resource_group_name": "my-azure-resources",
            "sku_name": "standard",
            "soft_delete_retention_days": 90,
            "tags": {},
            "tenant_id": "7ade4b7e-691b-41f5-967c-020d6631338f",
            "timeouts": null,
            "vault_uri": "https://webapp-keyvault-421.vault.azure.net/"
          },
          "sensitive_attributes": [],
          "private": "eyJlMmJmYjczMC1lY2FhLTExZTYtOGY4OC0zNDM2M2JjN2M0YzAiOnsiY3JlYXRlIjoxODAwMDAwMDAwMDAwLCJkZWxldGUiOjE4MDAwMDAwMDAwMDAsInJlYWQiOjMwMDAwMDAwMDAwMCwidXBkYXRlIjoxODAwMDAwMDAwMDAwfSwic2NoZW1hX3ZlcnNpb24iOiIyIn0=",
          "dependencies": [
            "azurerm_lb.lb",
            "azurerm_public_ip.lb_public_ip",
            "azurerm_resource_group.main",
            "data.azurerm_client_config.current"
          ]
        }
      ]
    },
    {
      "mode": "managed",
      "type": "azurerm_lb",
      "name": "lb",
      "provider": "provider[\"registry.terraform.io/hashicorp/azurerm\"]",
      "instances": [
        {
          "schema_version": 0,
          "attributes": {
            "edge_zone": "",
            "frontend_ip_configuration": [
              {
                "gateway_load_balancer_frontend_ip_configuration_id": "",
                "id": "/subscriptions/7886c1e6-22c2-4bad-bb14-a5750f4e5542/resourceGroups/my-azure-resources/providers/Microsoft.Network/loadBalancers/lb/frontendIPConfigurations/lb-ip",
                "inbound_nat_rules": [],
                "load_balancer_rules": [
                  "/subscriptions/7886c1e6-22c2-4bad-bb14-a5750f4e5542/resourceGroups/my-azure-resources/providers/Microsoft.Network/loadBalancers/lb/loadBalancingRules/http-rule-backend"
                ],
                "name": "lb-ip",
                "outbound_rules": [],
                "private_ip_address": "",
                "private_ip_address_allocation": "Dynamic",
                "private_ip_address_version": "",
                "public_ip_address_id": "/subscriptions/7886c1e6-22c2-4bad-bb14-a5750f4e5542/resourceGroups/my-azure-resources/providers/Microsoft.Network/publicIPAddresses/lb-public-ip",
                "public_ip_prefix_id": "",
                "subnet_id": "",
                "zones": []
              }
            ],
            "id": "/subscriptions/7886c1e6-22c2-4bad-bb14-a5750f4e5542/resourceGroups/my-azure-resources/providers/Microsoft.Network/loadBalancers/lb",
            "location": "eastus",
            "name": "lb",
            "private_ip_address": "",
            "private_ip_addresses": [],
            "resource_group_name": "my-azure-resources",
            "sku": "Standard",
            "sku_tier": "Regional",
            "tags": {},
            "timeouts": null
          },
          "sensitive_attributes": [],
          "private": "eyJlMmJmYjczMC1lY2FhLTExZTYtOGY4OC0zNDM2M2JjN2M0YzAiOnsiY3JlYXRlIjoxODAwMDAwMDAwMDAwLCJkZWxldGUiOjE4MDAwMDAwMDAwMDAsInJlYWQiOjMwMDAwMDAwMDAwMCwidXBkYXRlIjoxODAwMDAwMDAwMDAwfX0=",
          "dependencies": [
            "azurerm_public_ip.lb_public_ip",
            "azurerm_resource_group.main"
          ]
        }
      ]
    },
    {
      "mode": "managed",
      "type": "azurerm_public_ip",
      "name": "lb_public_ip",
      "provider": "provider[\"registry.terraform.io/hashicorp/azurerm\"]",
      "instances": [
        {
          "schema_version": 0,
          "attributes": {
            "allocation_method": "Static",
            "ddos_protection_mode": "VirtualNetworkInherited",
            "ddos_protection_plan_id": null,
            "domain_name_label": null,
            "domain_name_label_scope": null,
            "edge_zone": "",
            "fqdn": null,
            "id": "/subscriptions/7886c1e6-22c2-4bad-bb14-a5750f4e5542/resourceGroups/my-azure-resources/providers/Microsoft.Network/publicIPAddresses/lb-public-ip",
            "idle_timeout_in_minutes": 4,
            "ip_address": "52.168.179.251",
            "ip_tags": {},
            "ip_version": "IPv4",
            "location": "eastus",
            "name": "lb-public-ip",
            "public_ip_prefix_id": null,
            "resource_group_name": "my-azure-resources",
            "reverse_fqdn": null,
            "sku": "Standard",
            "sku_tier": "Regional",
            "tags": {},
            "timeouts": null,
            "zones": []
          },
          "sensitive_attributes": [],
          "private": "eyJlMmJmYjczMC1lY2FhLTExZTYtOGY4OC0zNDM2M2JjN2M0YzAiOnsiY3JlYXRlIjoxODAwMDAwMDAwMDAwLCJkZWxldGUiOjE4MDAwMDAwMDAwMDAsInJlYWQiOjMwMDAwMDAwMDAwMCwidXBkYXRlIjoxODAwMDAwMDAwMDAwfX0=",
          "dependencies": [
            "azurerm_resource_group.main"
          ]
        }
      ]
    },
    {
      "mode": "managed",
      "type": "azurerm_resource_group",
      "name": "main",
      "provider": "provider[\"registry.terraform.io/hashicorp/azurerm\"]",
      "instances": [
        {
          "schema_version": 0,
          "attributes": {
            "id": "/subscriptions/7886c1e6-22c2-4bad-bb14-a5750f4e5542/resourceGroups/my-azure-resources",
            "location": "eastus",
            "managed_by": "",
            "name": "my-azure-resources",
            "tags": {},
            "timeouts": null
          },
          "sensitive_attributes": [],
          "private": "eyJlMmJmYjczMC1lY2FhLTExZTYtOGY4OC0zNDM2M2JjN2M0YzAiOnsiY3JlYXRlIjo1NDAwMDAwMDAwMDAwLCJkZWxldGUiOjU0MDAwMDAwMDAwMDAsInJlYWQiOjMwMDAwMDAwMDAwMCwidXBkYXRlIjo1NDAwMDAwMDAwMDAwfX0="
        }
      ]
    },
    {
      "module": "module.backend_vms[0]",
      "mode": "managed",
      "type": "azurerm_network_interface",
      "name": "vm_nic",
      "provider": "provider[\"registry.terraform.io/hashicorp/azurerm\"]",
      "instances": [
        {
          "schema_version": 0,
          "attributes": {
            "accelerated_networking_enabled": false,
            "applied_dns_servers": [],
            "auxiliary_mode": "",
            "auxiliary_sku": "",
            "dns_servers": [],
            "edge_zone": "",
            "id": "/subscriptions/7886c1e6-22c2-4bad-bb14-a5750f4e5542/resourceGroups/my-azure-resources/providers/Microsoft.Network/networkInterfaces/backend-vm-1-nic",
            "internal_dns_name_label": "",
            "internal_domain_name_suffix": "vb53xweccvdevdiitkeadnbbma.bx.internal.cloudapp.net",
            "ip_configuration": [
              {
                "gateway_load_balancer_frontend_ip_configuration_id": "",
                "name": "internal",
                "primary": true,
                "private_ip_address": "10.0.2.4",
                "private_ip_address_allocation": "Dynamic",
                "private_ip_address_version": "IPv4",
                "public_ip_address_id": "/subscriptions/7886c1e6-22c2-4bad-bb14-a5750f4e5542/resourceGroups/my-azure-resources/providers/Microsoft.Network/publicIPAddresses/backend-vm-1-public-ip",
                "subnet_id": "/subscriptions/7886c1e6-22c2-4bad-bb14-a5750f4e5542/resourceGroups/my-azure-resources/providers/Microsoft.Network/virtualNetworks/my-vnet/subnets/backend-subnet"
              }
            ],
            "ip_forwarding_enabled": false,
            "location": "eastus",
            "mac_address": "60-45-BD-A9-79-7B",
            "name": "backend-vm-1-nic",
            "private_ip_address": "10.0.2.4",
            "private_ip_addresses": [
              "10.0.2.4"
            ],
            "resource_group_name": "my-azure-resources",
            "tags": {},
            "timeouts": null,
            "virtual_machine_id": "/subscriptions/7886c1e6-22c2-4bad-bb14-a5750f4e5542/resourceGroups/my-azure-resources/providers/Microsoft.Compute/virtualMachines/backend-vm-1"
          },
          "sensitive_attributes": [],
          "private": "eyJlMmJmYjczMC1lY2FhLTExZTYtOGY4OC0zNDM2M2JjN2M0YzAiOnsiY3JlYXRlIjoxODAwMDAwMDAwMDAwLCJkZWxldGUiOjE4MDAwMDAwMDAwMDAsInJlYWQiOjMwMDAwMDAwMDAwMCwidXBkYXRlIjoxODAwMDAwMDAwMDAwfX0=",
          "dependencies": [
            "azurerm_resource_group.main",
            "module.backend_vms.azurerm_public_ip.vm_public_ip",
            "module.vnet.azurerm_subnet.subnet",
            "module.vnet.azurerm_virtual_network.vnet"
          ]
        }
      ]
    },
    {
      "module": "module.backend_vms[0]",
      "mode": "managed",
      "type": "azurerm_public_ip",
      "name": "vm_public_ip",
      "provider": "provider[\"registry.terraform.io/hashicorp/azurerm\"]",
      "instances": [
        {
          "schema_version": 0,
          "attributes": {
            "allocation_method": "Static",
            "ddos_protection_mode": "VirtualNetworkInherited",
            "ddos_protection_plan_id": null,
            "domain_name_label": null,
            "domain_name_label_scope": null,
            "edge_zone": "",
            "fqdn": null,
            "id": "/subscriptions/7886c1e6-22c2-4bad-bb14-a5750f4e5542/resourceGroups/my-azure-resources/providers/Microsoft.Network/publicIPAddresses/backend-vm-1-public-ip",
            "idle_timeout_in_minutes": 4,
            "ip_address": "172.171.210.253",
            "ip_tags": {},
            "ip_version": "IPv4",
            "location": "eastus",
            "name": "backend-vm-1-public-ip",
            "public_ip_prefix_id": null,
            "resource_group_name": "my-azure-resources",
            "reverse_fqdn": null,
            "sku": "Standard",
            "sku_tier": "Regional",
            "tags": {},
            "timeouts": null,
            "zones": []
          },
          "sensitive_attributes": [],
          "private": "eyJlMmJmYjczMC1lY2FhLTExZTYtOGY4OC0zNDM2M2JjN2M0YzAiOnsiY3JlYXRlIjoxODAwMDAwMDAwMDAwLCJkZWxldGUiOjE4MDAwMDAwMDAwMDAsInJlYWQiOjMwMDAwMDAwMDAwMCwidXBkYXRlIjoxODAwMDAwMDAwMDAwfX0=",
          "dependencies": [
            "azurerm_resource_group.main"
          ]
        }
      ]
    },
    {
      "module": "module.backend_vms[0]",
      "mode": "managed",
      "type": "azurerm_virtual_machine",
      "name": "vm",
      "provider": "provider[\"registry.terraform.io/hashicorp/azurerm\"]",
      "instances": [
        {
          "schema_version": 0,
          "attributes": {
            "additional_capabilities": [],
            "availability_set_id": null,
            "boot_diagnostics": [],
            "delete_data_disks_on_termination": false,
            "delete_os_disk_on_termination": true,
            "id": "/subscriptions/7886c1e6-22c2-4bad-bb14-a5750f4e5542/resourceGroups/my-azure-resources/providers/Microsoft.Compute/virtualMachines/backend-vm-1",
            "identity": [],
            "license_type": null,
            "location": "eastus",
            "name": "backend-vm-1",
            "network_interface_ids": [
              "/subscriptions/7886c1e6-22c2-4bad-bb14-a5750f4e5542/resourceGroups/my-azure-resources/providers/Microsoft.Network/networkInterfaces/backend-vm-1-nic"
            ],
            "os_profile": [
              {
                "admin_password": "",
                "admin_username": "stepan",
                "computer_name": "backend-vm-1",
                "custom_data": ""
              }
            ],
            "os_profile_linux_config": [
              {
                "disable_password_authentication": false,
                "ssh_keys": [
                  {
                    "key_data": "ssh-rsa AAAAB3NzaC1yc2EAAAADAQABAAACAQDXudvUx1ZqyVCZSZGJRqG0jWTRGtoM5zmxvwruvcCpVHVRO/Q4pO9nO80p0GC+fEtJY+jiPgx+Xke6M8RXKs9AfqtR9J/Nrg6Df3tsKql8xD3KydX6Z7k8Z99o4RxVR1u8Tx/OkDKWAIE13Ozq31ARaesKHVw/Nb0R1jHQODJDUjuB0cd1SubpstbfvMhrxaYGG+u+egpzyrpwY2X/9cBakEdAqqTy/juk+VVr4/Gm1EniPwtWg6c+aMtyH6LZuVpMLc13ObMHvmi5I9CWbbGHmAfhnMKp0EJj8H5jU+GFoNZNNNzN4IDeQeMqBbCuFwSvx0vxLoA/twMBz+MjsCjdQ11YXtpQ0KdhSUPA+h98C0k76kDYBq1G/EBikvzGig5jZXwjYAZVCcimcX+U00hxDd47Hgc/ZAdnG4NAyXsgLaAM188xljCNHOp40cFJom4wRqcWvWRaIAFJrlFn+4ScPT+A9swoX8YZKWZUe0fYCJpimFY8COWoS9QrtnizDDjU3XV8HEFnvpJlB9Icn8jJXYUH/jQwLF229/wYQokaeckcb2A8PO4+/LYRM1MJRpNrSjUJN0zR2Nhdk0KAnl4btaQ8023Ey0sy1G/Ga3+uP6zPGe7ivaB9BODb3EfnbaxHuXJ3RSahQNy8HPBO5B8f8OH2hFy0tnpeIcw+Kbqouw== lusickijstepan@gmail.com",
                    "path": "/home/stepan/.ssh/authorized_keys"
                  }
                ]
              }
            ],
            "os_profile_secrets": [],
            "os_profile_windows_config": [],
            "plan": [],
            "primary_network_interface_id": null,
            "proximity_placement_group_id": null,
            "resource_group_name": "my-azure-resources",
            "storage_data_disk": [],
            "storage_image_reference": [
              {
                "id": "",
                "offer": "UbuntuServer",
                "publisher": "Canonical",
                "sku": "18.04-LTS",
                "version": "latest"
              }
            ],
            "storage_os_disk": [
              {
                "caching": "ReadWrite",
                "create_option": "FromImage",
                "disk_size_gb": 30,
                "image_uri": "",
                "managed_disk_id": "/subscriptions/7886c1e6-22c2-4bad-bb14-a5750f4e5542/resourceGroups/my-azure-resources/providers/Microsoft.Compute/disks/backend-vm-1-os-disk",
                "managed_disk_type": "Standard_LRS",
                "name": "backend-vm-1-os-disk",
                "os_type": "Linux",
                "vhd_uri": "",
                "write_accelerator_enabled": false
              }
            ],
            "tags": {},
            "timeouts": null,
            "vm_size": "Standard_B1s",
            "zones": []
          },
          "sensitive_attributes": [
            [
              {
                "type": "get_attr",
                "value": "os_profile"
              }
            ]
          ],
          "private": "eyJlMmJmYjczMC1lY2FhLTExZTYtOGY4OC0zNDM2M2JjN2M0YzAiOnsiY3JlYXRlIjozNjAwMDAwMDAwMDAwLCJkZWxldGUiOjM2MDAwMDAwMDAwMDAsInJlYWQiOjMwMDAwMDAwMDAwMCwidXBkYXRlIjozNjAwMDAwMDAwMDAwfX0=",
          "dependencies": [
            "azurerm_resource_group.main",
            "module.backend_vms.azurerm_network_interface.vm_nic",
            "module.backend_vms.azurerm_public_ip.vm_public_ip",
            "module.vnet.azurerm_subnet.subnet",
            "module.vnet.azurerm_virtual_network.vnet"
          ]
        }
      ]
    },
    {
      "module": "module.backend_vms[1]",
      "mode": "managed",
      "type": "azurerm_network_interface",
      "name": "vm_nic",
      "provider": "provider[\"registry.terraform.io/hashicorp/azurerm\"]",
      "instances": [
        {
          "schema_version": 0,
          "attributes": {
            "accelerated_networking_enabled": false,
            "applied_dns_servers": [],
            "auxiliary_mode": "",
            "auxiliary_sku": "",
            "dns_servers": [],
            "edge_zone": "",
            "id": "/subscriptions/7886c1e6-22c2-4bad-bb14-a5750f4e5542/resourceGroups/my-azure-resources/providers/Microsoft.Network/networkInterfaces/backend-vm-2-nic",
            "internal_dns_name_label": "",
            "internal_domain_name_suffix": "vb53xweccvdevdiitkeadnbbma.bx.internal.cloudapp.net",
            "ip_configuration": [
              {
                "gateway_load_balancer_frontend_ip_configuration_id": "",
                "name": "internal",
                "primary": true,
                "private_ip_address": "10.0.2.5",
                "private_ip_address_allocation": "Dynamic",
                "private_ip_address_version": "IPv4",
                "public_ip_address_id": "/subscriptions/7886c1e6-22c2-4bad-bb14-a5750f4e5542/resourceGroups/my-azure-resources/providers/Microsoft.Network/publicIPAddresses/backend-vm-2-public-ip",
                "subnet_id": "/subscriptions/7886c1e6-22c2-4bad-bb14-a5750f4e5542/resourceGroups/my-azure-resources/providers/Microsoft.Network/virtualNetworks/my-vnet/subnets/backend-subnet"
              }
            ],
            "ip_forwarding_enabled": false,
            "location": "eastus",
            "mac_address": "7C-1E-52-46-B2-BC",
            "name": "backend-vm-2-nic",
            "private_ip_address": "10.0.2.5",
            "private_ip_addresses": [
              "10.0.2.5"
            ],
            "resource_group_name": "my-azure-resources",
            "tags": {},
            "timeouts": null,
            "virtual_machine_id": "/subscriptions/7886c1e6-22c2-4bad-bb14-a5750f4e5542/resourceGroups/my-azure-resources/providers/Microsoft.Compute/virtualMachines/backend-vm-2"
          },
          "sensitive_attributes": [],
          "private": "eyJlMmJmYjczMC1lY2FhLTExZTYtOGY4OC0zNDM2M2JjN2M0YzAiOnsiY3JlYXRlIjoxODAwMDAwMDAwMDAwLCJkZWxldGUiOjE4MDAwMDAwMDAwMDAsInJlYWQiOjMwMDAwMDAwMDAwMCwidXBkYXRlIjoxODAwMDAwMDAwMDAwfX0=",
          "dependencies": [
            "azurerm_resource_group.main",
            "module.backend_vms.azurerm_public_ip.vm_public_ip",
            "module.vnet.azurerm_subnet.subnet",
            "module.vnet.azurerm_virtual_network.vnet"
          ]
        }
      ]
    },
    {
      "module": "module.backend_vms[1]",
      "mode": "managed",
      "type": "azurerm_public_ip",
      "name": "vm_public_ip",
      "provider": "provider[\"registry.terraform.io/hashicorp/azurerm\"]",
      "instances": [
        {
          "schema_version": 0,
          "attributes": {
            "allocation_method": "Static",
            "ddos_protection_mode": "VirtualNetworkInherited",
            "ddos_protection_plan_id": null,
            "domain_name_label": null,
            "domain_name_label_scope": null,
            "edge_zone": "",
            "fqdn": null,
            "id": "/subscriptions/7886c1e6-22c2-4bad-bb14-a5750f4e5542/resourceGroups/my-azure-resources/providers/Microsoft.Network/publicIPAddresses/backend-vm-2-public-ip",
            "idle_timeout_in_minutes": 4,
            "ip_address": "172.191.209.165",
            "ip_tags": {},
            "ip_version": "IPv4",
            "location": "eastus",
            "name": "backend-vm-2-public-ip",
            "public_ip_prefix_id": null,
            "resource_group_name": "my-azure-resources",
            "reverse_fqdn": null,
            "sku": "Standard",
            "sku_tier": "Regional",
            "tags": {},
            "timeouts": null,
            "zones": []
          },
          "sensitive_attributes": [],
          "private": "eyJlMmJmYjczMC1lY2FhLTExZTYtOGY4OC0zNDM2M2JjN2M0YzAiOnsiY3JlYXRlIjoxODAwMDAwMDAwMDAwLCJkZWxldGUiOjE4MDAwMDAwMDAwMDAsInJlYWQiOjMwMDAwMDAwMDAwMCwidXBkYXRlIjoxODAwMDAwMDAwMDAwfX0=",
          "dependencies": [
            "azurerm_resource_group.main"
          ]
        }
      ]
    },
    {
      "module": "module.backend_vms[1]",
      "mode": "managed",
      "type": "azurerm_virtual_machine",
      "name": "vm",
      "provider": "provider[\"registry.terraform.io/hashicorp/azurerm\"]",
      "instances": [
        {
          "schema_version": 0,
          "attributes": {
            "additional_capabilities": [],
            "availability_set_id": null,
            "boot_diagnostics": [],
            "delete_data_disks_on_termination": false,
            "delete_os_disk_on_termination": true,
            "id": "/subscriptions/7886c1e6-22c2-4bad-bb14-a5750f4e5542/resourceGroups/my-azure-resources/providers/Microsoft.Compute/virtualMachines/backend-vm-2",
            "identity": [],
            "license_type": null,
            "location": "eastus",
            "name": "backend-vm-2",
            "network_interface_ids": [
              "/subscriptions/7886c1e6-22c2-4bad-bb14-a5750f4e5542/resourceGroups/my-azure-resources/providers/Microsoft.Network/networkInterfaces/backend-vm-2-nic"
            ],
            "os_profile": [
              {
                "admin_password": "",
                "admin_username": "stepan",
                "computer_name": "backend-vm-2",
                "custom_data": ""
              }
            ],
            "os_profile_linux_config": [
              {
                "disable_password_authentication": false,
                "ssh_keys": [
                  {
                    "key_data": "ssh-rsa AAAAB3NzaC1yc2EAAAADAQABAAACAQDXudvUx1ZqyVCZSZGJRqG0jWTRGtoM5zmxvwruvcCpVHVRO/Q4pO9nO80p0GC+fEtJY+jiPgx+Xke6M8RXKs9AfqtR9J/Nrg6Df3tsKql8xD3KydX6Z7k8Z99o4RxVR1u8Tx/OkDKWAIE13Ozq31ARaesKHVw/Nb0R1jHQODJDUjuB0cd1SubpstbfvMhrxaYGG+u+egpzyrpwY2X/9cBakEdAqqTy/juk+VVr4/Gm1EniPwtWg6c+aMtyH6LZuVpMLc13ObMHvmi5I9CWbbGHmAfhnMKp0EJj8H5jU+GFoNZNNNzN4IDeQeMqBbCuFwSvx0vxLoA/twMBz+MjsCjdQ11YXtpQ0KdhSUPA+h98C0k76kDYBq1G/EBikvzGig5jZXwjYAZVCcimcX+U00hxDd47Hgc/ZAdnG4NAyXsgLaAM188xljCNHOp40cFJom4wRqcWvWRaIAFJrlFn+4ScPT+A9swoX8YZKWZUe0fYCJpimFY8COWoS9QrtnizDDjU3XV8HEFnvpJlB9Icn8jJXYUH/jQwLF229/wYQokaeckcb2A8PO4+/LYRM1MJRpNrSjUJN0zR2Nhdk0KAnl4btaQ8023Ey0sy1G/Ga3+uP6zPGe7ivaB9BODb3EfnbaxHuXJ3RSahQNy8HPBO5B8f8OH2hFy0tnpeIcw+Kbqouw== lusickijstepan@gmail.com",
                    "path": "/home/stepan/.ssh/authorized_keys"
                  }
                ]
              }
            ],
            "os_profile_secrets": [],
            "os_profile_windows_config": [],
            "plan": [],
            "primary_network_interface_id": null,
            "proximity_placement_group_id": null,
            "resource_group_name": "my-azure-resources",
            "storage_data_disk": [],
            "storage_image_reference": [
              {
                "id": "",
                "offer": "UbuntuServer",
                "publisher": "Canonical",
                "sku": "18.04-LTS",
                "version": "latest"
              }
            ],
            "storage_os_disk": [
              {
                "caching": "ReadWrite",
                "create_option": "FromImage",
                "disk_size_gb": 30,
                "image_uri": "",
                "managed_disk_id": "/subscriptions/7886c1e6-22c2-4bad-bb14-a5750f4e5542/resourceGroups/my-azure-resources/providers/Microsoft.Compute/disks/backend-vm-2-os-disk",
                "managed_disk_type": "Standard_LRS",
                "name": "backend-vm-2-os-disk",
                "os_type": "Linux",
                "vhd_uri": "",
                "write_accelerator_enabled": false
              }
            ],
            "tags": {},
            "timeouts": null,
            "vm_size": "Standard_B1s",
            "zones": []
          },
          "sensitive_attributes": [
            [
              {
                "type": "get_attr",
                "value": "os_profile"
              }
            ]
          ],
          "private": "eyJlMmJmYjczMC1lY2FhLTExZTYtOGY4OC0zNDM2M2JjN2M0YzAiOnsiY3JlYXRlIjozNjAwMDAwMDAwMDAwLCJkZWxldGUiOjM2MDAwMDAwMDAwMDAsInJlYWQiOjMwMDAwMDAwMDAwMCwidXBkYXRlIjozNjAwMDAwMDAwMDAwfX0=",
          "dependencies": [
            "azurerm_resource_group.main",
            "module.backend_vms.azurerm_network_interface.vm_nic",
            "module.backend_vms.azurerm_public_ip.vm_public_ip",
            "module.vnet.azurerm_subnet.subnet",
            "module.vnet.azurerm_virtual_network.vnet"
          ]
        }
      ]
    },
    {
      "module": "module.frontend_vm",
      "mode": "managed",
      "type": "azurerm_network_interface",
      "name": "vm_nic",
      "provider": "provider[\"registry.terraform.io/hashicorp/azurerm\"]",
      "instances": [
        {
          "schema_version": 0,
          "attributes": {
            "accelerated_networking_enabled": false,
            "applied_dns_servers": [],
            "auxiliary_mode": "",
            "auxiliary_sku": "",
            "dns_servers": [],
            "edge_zone": "",
            "id": "/subscriptions/7886c1e6-22c2-4bad-bb14-a5750f4e5542/resourceGroups/my-azure-resources/providers/Microsoft.Network/networkInterfaces/frontend-vm-nic",
            "internal_dns_name_label": "",
            "internal_domain_name_suffix": "vb53xweccvdevdiitkeadnbbma.bx.internal.cloudapp.net",
            "ip_configuration": [
              {
                "gateway_load_balancer_frontend_ip_configuration_id": "",
                "name": "internal",
                "primary": true,
                "private_ip_address": "10.0.1.4",
                "private_ip_address_allocation": "Dynamic",
                "private_ip_address_version": "IPv4",
                "public_ip_address_id": "/subscriptions/7886c1e6-22c2-4bad-bb14-a5750f4e5542/resourceGroups/my-azure-resources/providers/Microsoft.Network/publicIPAddresses/frontend-vm-public-ip",
                "subnet_id": "/subscriptions/7886c1e6-22c2-4bad-bb14-a5750f4e5542/resourceGroups/my-azure-resources/providers/Microsoft.Network/virtualNetworks/my-vnet/subnets/frontend-subnet"
              }
            ],
            "ip_forwarding_enabled": false,
            "location": "eastus",
            "mac_address": "7C-1E-52-01-69-BE",
            "name": "frontend-vm-nic",
            "private_ip_address": "10.0.1.4",
            "private_ip_addresses": [
              "10.0.1.4"
            ],
            "resource_group_name": "my-azure-resources",
            "tags": {},
            "timeouts": null,
            "virtual_machine_id": "/subscriptions/7886c1e6-22c2-4bad-bb14-a5750f4e5542/resourceGroups/my-azure-resources/providers/Microsoft.Compute/virtualMachines/frontend-vm"
          },
          "sensitive_attributes": [],
          "private": "eyJlMmJmYjczMC1lY2FhLTExZTYtOGY4OC0zNDM2M2JjN2M0YzAiOnsiY3JlYXRlIjoxODAwMDAwMDAwMDAwLCJkZWxldGUiOjE4MDAwMDAwMDAwMDAsInJlYWQiOjMwMDAwMDAwMDAwMCwidXBkYXRlIjoxODAwMDAwMDAwMDAwfX0=",
          "dependencies": [
            "azurerm_resource_group.main",
            "module.frontend_vm.azurerm_public_ip.vm_public_ip",
            "module.vnet.azurerm_subnet.subnet",
            "module.vnet.azurerm_virtual_network.vnet"
          ]
        }
      ]
    },
    {
      "module": "module.frontend_vm",
      "mode": "managed",
      "type": "azurerm_public_ip",
      "name": "vm_public_ip",
      "provider": "provider[\"registry.terraform.io/hashicorp/azurerm\"]",
      "instances": [
        {
          "schema_version": 0,
          "attributes": {
            "allocation_method": "Static",
            "ddos_protection_mode": "VirtualNetworkInherited",
            "ddos_protection_plan_id": null,
            "domain_name_label": null,
            "domain_name_label_scope": null,
            "edge_zone": "",
            "fqdn": null,
            "id": "/subscriptions/7886c1e6-22c2-4bad-bb14-a5750f4e5542/resourceGroups/my-azure-resources/providers/Microsoft.Network/publicIPAddresses/frontend-vm-public-ip",
            "idle_timeout_in_minutes": 4,
            "ip_address": "172.178.26.197",
            "ip_tags": {},
            "ip_version": "IPv4",
            "location": "eastus",
            "name": "frontend-vm-public-ip",
            "public_ip_prefix_id": null,
            "resource_group_name": "my-azure-resources",
            "reverse_fqdn": null,
            "sku": "Standard",
            "sku_tier": "Regional",
            "tags": {},
            "timeouts": null,
            "zones": []
          },
          "sensitive_attributes": [],
          "private": "eyJlMmJmYjczMC1lY2FhLTExZTYtOGY4OC0zNDM2M2JjN2M0YzAiOnsiY3JlYXRlIjoxODAwMDAwMDAwMDAwLCJkZWxldGUiOjE4MDAwMDAwMDAwMDAsInJlYWQiOjMwMDAwMDAwMDAwMCwidXBkYXRlIjoxODAwMDAwMDAwMDAwfX0=",
          "dependencies": [
            "azurerm_resource_group.main"
          ]
        }
      ]
    },
    {
      "module": "module.monitoring_vm",
      "mode": "managed",
      "type": "azurerm_network_interface",
      "name": "vm_nic",
      "provider": "provider[\"registry.terraform.io/hashicorp/azurerm\"]",
      "instances": [
        {
          "schema_version": 0,
          "attributes": {
            "accelerated_networking_enabled": false,
            "applied_dns_servers": [],
            "auxiliary_mode": "",
            "auxiliary_sku": "",
            "dns_servers": [],
            "edge_zone": "",
            "id": "/subscriptions/7886c1e6-22c2-4bad-bb14-a5750f4e5542/resourceGroups/my-azure-resources/providers/Microsoft.Network/networkInterfaces/monitoring-vm-nic",
            "internal_dns_name_label": "",
            "internal_domain_name_suffix": "vb53xweccvdevdiitkeadnbbma.bx.internal.cloudapp.net",
            "ip_configuration": [
              {
                "gateway_load_balancer_frontend_ip_configuration_id": "",
                "name": "internal",
                "primary": true,
                "private_ip_address": "10.0.3.4",
                "private_ip_address_allocation": "Dynamic",
                "private_ip_address_version": "IPv4",
                "public_ip_address_id": "/subscriptions/7886c1e6-22c2-4bad-bb14-a5750f4e5542/resourceGroups/my-azure-resources/providers/Microsoft.Network/publicIPAddresses/monitoring-vm-public-ip",
                "subnet_id": "/subscriptions/7886c1e6-22c2-4bad-bb14-a5750f4e5542/resourceGroups/my-azure-resources/providers/Microsoft.Network/virtualNetworks/my-vnet/subnets/monitoring-subnet"
              }
            ],
            "ip_forwarding_enabled": false,
            "location": "eastus",
            "mac_address": "00-22-48-2D-2E-18",
            "name": "monitoring-vm-nic",
            "private_ip_address": "10.0.3.4",
            "private_ip_addresses": [
              "10.0.3.4"
            ],
            "resource_group_name": "my-azure-resources",
            "tags": {},
            "timeouts": null,
            "virtual_machine_id": "/subscriptions/7886c1e6-22c2-4bad-bb14-a5750f4e5542/resourceGroups/my-azure-resources/providers/Microsoft.Compute/virtualMachines/monitoring-vm"
          },
          "sensitive_attributes": [],
          "private": "eyJlMmJmYjczMC1lY2FhLTExZTYtOGY4OC0zNDM2M2JjN2M0YzAiOnsiY3JlYXRlIjoxODAwMDAwMDAwMDAwLCJkZWxldGUiOjE4MDAwMDAwMDAwMDAsInJlYWQiOjMwMDAwMDAwMDAwMCwidXBkYXRlIjoxODAwMDAwMDAwMDAwfX0=",
          "dependencies": [
            "azurerm_resource_group.main",
            "module.monitoring_vm.azurerm_public_ip.vm_public_ip",
            "module.vnet.azurerm_subnet.subnet",
            "module.vnet.azurerm_virtual_network.vnet"
          ]
        }
      ]
    },
    {
      "module": "module.monitoring_vm",
      "mode": "managed",
      "type": "azurerm_public_ip",
      "name": "vm_public_ip",
      "provider": "provider[\"registry.terraform.io/hashicorp/azurerm\"]",
      "instances": [
        {
          "schema_version": 0,
          "attributes": {
            "allocation_method": "Static",
            "ddos_protection_mode": "VirtualNetworkInherited",
            "ddos_protection_plan_id": null,
            "domain_name_label": null,
            "domain_name_label_scope": null,
            "edge_zone": "",
            "fqdn": null,
            "id": "/subscriptions/7886c1e6-22c2-4bad-bb14-a5750f4e5542/resourceGroups/my-azure-resources/providers/Microsoft.Network/publicIPAddresses/monitoring-vm-public-ip",
            "idle_timeout_in_minutes": 4,
            "ip_address": "172.171.210.47",
            "ip_tags": {},
            "ip_version": "IPv4",
            "location": "eastus",
            "name": "monitoring-vm-public-ip",
            "public_ip_prefix_id": null,
            "resource_group_name": "my-azure-resources",
            "reverse_fqdn": null,
            "sku": "Standard",
            "sku_tier": "Regional",
            "tags": {},
            "timeouts": null,
            "zones": []
          },
          "sensitive_attributes": [],
          "private": "eyJlMmJmYjczMC1lY2FhLTExZTYtOGY4OC0zNDM2M2JjN2M0YzAiOnsiY3JlYXRlIjoxODAwMDAwMDAwMDAwLCJkZWxldGUiOjE4MDAwMDAwMDAwMDAsInJlYWQiOjMwMDAwMDAwMDAwMCwidXBkYXRlIjoxODAwMDAwMDAwMDAwfX0=",
          "dependencies": [
            "azurerm_resource_group.main"
          ]
        }
      ]
    },
    {
      "module": "module.vnet",
      "mode": "managed",
      "type": "azurerm_network_security_group",
      "name": "nsg",
      "provider": "provider[\"registry.terraform.io/hashicorp/azurerm\"]",
      "instances": [
        {
          "index_key": 0,
          "schema_version": 0,
          "attributes": {
            "id": "/subscriptions/7886c1e6-22c2-4bad-bb14-a5750f4e5542/resourceGroups/my-azure-resources/providers/Microsoft.Network/networkSecurityGroups/frontend-subnet-nsg",
            "location": "eastus",
            "name": "frontend-subnet-nsg",
            "resource_group_name": "my-azure-resources",
            "security_rule": [
              {
                "access": "Allow",
                "description": "",
                "destination_address_prefix": "*",
                "destination_address_prefixes": [],
                "destination_application_security_group_ids": [],
                "destination_port_range": "",
                "destination_port_ranges": [
                  "22"
                ],
                "direction": "Inbound",
                "name": "allow-ssh",
                "priority": 1000,
                "protocol": "Tcp",
                "source_address_prefix": "*",
                "source_address_prefixes": [],
                "source_application_security_group_ids": [],
                "source_port_range": "*",
                "source_port_ranges": []
              },
              {
                "access": "Allow",
                "description": "",
                "destination_address_prefix": "*",
                "destination_address_prefixes": [],
                "destination_application_security_group_ids": [],
                "destination_port_range": "",
                "destination_port_ranges": [
                  "3000"
                ],
                "direction": "Inbound",
                "name": "allow-backend-3000",
                "priority": 3000,
                "protocol": "Tcp",
                "source_address_prefix": "*",
                "source_address_prefixes": [],
                "source_application_security_group_ids": [],
                "source_port_range": "*",
                "source_port_ranges": []
              },
              {
                "access": "Allow",
                "description": "",
                "destination_address_prefix": "*",
                "destination_address_prefixes": [],
                "destination_application_security_group_ids": [],
                "destination_port_range": "",
                "destination_port_ranges": [
                  "80"
                ],
                "direction": "Inbound",
                "name": "allow-http",
                "priority": 2000,
                "protocol": "Tcp",
                "source_address_prefix": "*",
                "source_address_prefixes": [],
                "source_application_security_group_ids": [],
                "source_port_range": "*",
                "source_port_ranges": []
              },
              {
                "access": "Allow",
                "description": "",
                "destination_address_prefix": "*",
                "destination_address_prefixes": [],
                "destination_application_security_group_ids": [],
                "destination_port_range": "",
                "destination_port_ranges": [
                  "9113"
                ],
                "direction": "Inbound",
                "name": "allow-prometheus",
                "priority": 4000,
                "protocol": "Tcp",
                "source_address_prefix": "*",
                "source_address_prefixes": [],
                "source_application_security_group_ids": [],
                "source_port_range": "*",
                "source_port_ranges": []
              }
            ],
            "tags": {},
            "timeouts": null
          },
          "sensitive_attributes": [],
          "private": "eyJlMmJmYjczMC1lY2FhLTExZTYtOGY4OC0zNDM2M2JjN2M0YzAiOnsiY3JlYXRlIjoxODAwMDAwMDAwMDAwLCJkZWxldGUiOjE4MDAwMDAwMDAwMDAsInJlYWQiOjMwMDAwMDAwMDAwMCwidXBkYXRlIjoxODAwMDAwMDAwMDAwfX0=",
          "dependencies": [
            "azurerm_resource_group.main"
          ]
        },
        {
          "index_key": 1,
          "schema_version": 0,
          "attributes": {
            "id": "/subscriptions/7886c1e6-22c2-4bad-bb14-a5750f4e5542/resourceGroups/my-azure-resources/providers/Microsoft.Network/networkSecurityGroups/backend-subnet-nsg",
            "location": "eastus",
            "name": "backend-subnet-nsg",
            "resource_group_name": "my-azure-resources",
            "security_rule": [
              {
                "access": "Allow",
                "description": "",
                "destination_address_prefix": "*",
                "destination_address_prefixes": [],
                "destination_application_security_group_ids": [],
                "destination_port_range": "",
                "destination_port_ranges": [
                  "22"
                ],
                "direction": "Inbound",
                "name": "allow-ssh",
                "priority": 1000,
                "protocol": "Tcp",
                "source_address_prefix": "*",
                "source_address_prefixes": [],
                "source_application_security_group_ids": [],
                "source_port_range": "*",
                "source_port_ranges": []
              },
              {
                "access": "Allow",
                "description": "",
                "destination_address_prefix": "*",
                "destination_address_prefixes": [],
                "destination_application_security_group_ids": [],
                "destination_port_range": "",
                "destination_port_ranges": [
                  "3000"
                ],
                "direction": "Inbound",
                "name": "allow-http",
                "priority": 2000,
                "protocol": "Tcp",
                "source_address_prefix": "*",
                "source_address_prefixes": [],
                "source_application_security_group_ids": [],
                "source_port_range": "*",
                "source_port_ranges": []
              },
              {
                "access": "Allow",
                "description": "",
                "destination_address_prefix": "*",
                "destination_address_prefixes": [],
                "destination_application_security_group_ids": [],
                "destination_port_range": "",
                "destination_port_ranges": [
                  "3000"
                ],
                "direction": "Inbound",
                "name": "allow-lb",
                "priority": 100,
                "protocol": "Tcp",
                "source_address_prefix": "*",
                "source_address_prefixes": [],
                "source_application_security_group_ids": [],
                "source_port_range": "*",
                "source_port_ranges": []
              }
            ],
            "tags": {},
            "timeouts": null
          },
          "sensitive_attributes": [],
          "private": "eyJlMmJmYjczMC1lY2FhLTExZTYtOGY4OC0zNDM2M2JjN2M0YzAiOnsiY3JlYXRlIjoxODAwMDAwMDAwMDAwLCJkZWxldGUiOjE4MDAwMDAwMDAwMDAsInJlYWQiOjMwMDAwMDAwMDAwMCwidXBkYXRlIjoxODAwMDAwMDAwMDAwfX0=",
          "dependencies": [
            "azurerm_resource_group.main"
          ]
        },
        {
          "index_key": 2,
          "schema_version": 0,
          "attributes": {
            "id": "/subscriptions/7886c1e6-22c2-4bad-bb14-a5750f4e5542/resourceGroups/my-azure-resources/providers/Microsoft.Network/networkSecurityGroups/monitoring-subnet-nsg",
            "location": "eastus",
            "name": "monitoring-subnet-nsg",
            "resource_group_name": "my-azure-resources",
            "security_rule": [
              {
                "access": "Allow",
                "description": "",
                "destination_address_prefix": "*",
                "destination_address_prefixes": [],
                "destination_application_security_group_ids": [],
                "destination_port_range": "",
                "destination_port_ranges": [
                  "22"
                ],
                "direction": "Inbound",
                "name": "allow-ssh",
                "priority": 1000,
                "protocol": "Tcp",
                "source_address_prefix": "*",
                "source_address_prefixes": [],
                "source_application_security_group_ids": [],
                "source_port_range": "*",
                "source_port_ranges": []
              },
              {
                "access": "Allow",
                "description": "",
                "destination_address_prefix": "*",
                "destination_address_prefixes": [],
                "destination_application_security_group_ids": [],
                "destination_port_range": "",
                "destination_port_ranges": [
                  "9090"
                ],
                "direction": "Inbound",
                "name": "allow-prometheus",
                "priority": 2000,
                "protocol": "Tcp",
                "source_address_prefix": "*",
                "source_address_prefixes": [],
                "source_application_security_group_ids": [],
                "source_port_range": "*",
                "source_port_ranges": []
              }
            ],
            "tags": {},
            "timeouts": null
          },
          "sensitive_attributes": [],
          "private": "eyJlMmJmYjczMC1lY2FhLTExZTYtOGY4OC0zNDM2M2JjN2M0YzAiOnsiY3JlYXRlIjoxODAwMDAwMDAwMDAwLCJkZWxldGUiOjE4MDAwMDAwMDAwMDAsInJlYWQiOjMwMDAwMDAwMDAwMCwidXBkYXRlIjoxODAwMDAwMDAwMDAwfX0=",
          "dependencies": [
            "azurerm_resource_group.main"
          ]
        }
      ]
    },
    {
      "module": "module.vnet",
      "mode": "managed",
      "type": "azurerm_subnet",
      "name": "subnet",
      "provider": "provider[\"registry.terraform.io/hashicorp/azurerm\"]",
      "instances": [
        {
          "index_key": 0,
          "schema_version": 0,
          "attributes": {
            "address_prefixes": [
              "10.0.1.0/24"
            ],
            "default_outbound_access_enabled": true,
            "delegation": [],
            "id": "/subscriptions/7886c1e6-22c2-4bad-bb14-a5750f4e5542/resourceGroups/my-azure-resources/providers/Microsoft.Network/virtualNetworks/my-vnet/subnets/frontend-subnet",
            "name": "frontend-subnet",
            "private_endpoint_network_policies": "Disabled",
            "private_link_service_network_policies_enabled": true,
            "resource_group_name": "my-azure-resources",
            "service_endpoint_policy_ids": [],
            "service_endpoints": [],
            "timeouts": null,
            "virtual_network_name": "my-vnet"
          },
          "sensitive_attributes": [],
          "private": "eyJlMmJmYjczMC1lY2FhLTExZTYtOGY4OC0zNDM2M2JjN2M0YzAiOnsiY3JlYXRlIjoxODAwMDAwMDAwMDAwLCJkZWxldGUiOjE4MDAwMDAwMDAwMDAsInJlYWQiOjMwMDAwMDAwMDAwMCwidXBkYXRlIjoxODAwMDAwMDAwMDAwfX0=",
          "dependencies": [
            "azurerm_resource_group.main",
            "module.vnet.azurerm_virtual_network.vnet"
          ]
        },
        {
          "index_key": 1,
          "schema_version": 0,
          "attributes": {
            "address_prefixes": [
              "10.0.2.0/24"
            ],
            "default_outbound_access_enabled": true,
            "delegation": [],
            "id": "/subscriptions/7886c1e6-22c2-4bad-bb14-a5750f4e5542/resourceGroups/my-azure-resources/providers/Microsoft.Network/virtualNetworks/my-vnet/subnets/backend-subnet",
            "name": "backend-subnet",
            "private_endpoint_network_policies": "Disabled",
            "private_link_service_network_policies_enabled": true,
            "resource_group_name": "my-azure-resources",
            "service_endpoint_policy_ids": [],
            "service_endpoints": [],
            "timeouts": null,
            "virtual_network_name": "my-vnet"
          },
          "sensitive_attributes": [],
          "private": "eyJlMmJmYjczMC1lY2FhLTExZTYtOGY4OC0zNDM2M2JjN2M0YzAiOnsiY3JlYXRlIjoxODAwMDAwMDAwMDAwLCJkZWxldGUiOjE4MDAwMDAwMDAwMDAsInJlYWQiOjMwMDAwMDAwMDAwMCwidXBkYXRlIjoxODAwMDAwMDAwMDAwfX0=",
          "dependencies": [
            "azurerm_resource_group.main",
            "module.vnet.azurerm_virtual_network.vnet"
          ]
        },
        {
          "index_key": 2,
          "schema_version": 0,
          "attributes": {
            "address_prefixes": [
              "10.0.3.0/24"
            ],
            "default_outbound_access_enabled": true,
            "delegation": [],
            "id": "/subscriptions/7886c1e6-22c2-4bad-bb14-a5750f4e5542/resourceGroups/my-azure-resources/providers/Microsoft.Network/virtualNetworks/my-vnet/subnets/monitoring-subnet",
            "name": "monitoring-subnet",
            "private_endpoint_network_policies": "Disabled",
            "private_link_service_network_policies_enabled": true,
            "resource_group_name": "my-azure-resources",
            "service_endpoint_policy_ids": [],
            "service_endpoints": [],
            "timeouts": null,
            "virtual_network_name": "my-vnet"
          },
          "sensitive_attributes": [],
          "private": "eyJlMmJmYjczMC1lY2FhLTExZTYtOGY4OC0zNDM2M2JjN2M0YzAiOnsiY3JlYXRlIjoxODAwMDAwMDAwMDAwLCJkZWxldGUiOjE4MDAwMDAwMDAwMDAsInJlYWQiOjMwMDAwMDAwMDAwMCwidXBkYXRlIjoxODAwMDAwMDAwMDAwfX0=",
          "dependencies": [
            "azurerm_resource_group.main",
            "module.vnet.azurerm_virtual_network.vnet"
          ]
        }
      ]
    },
    {
      "module": "module.vnet",
      "mode": "managed",
      "type": "azurerm_virtual_network",
      "name": "vnet",
      "provider": "provider[\"registry.terraform.io/hashicorp/azurerm\"]",
      "instances": [
        {
          "schema_version": 0,
          "attributes": {
            "address_space": [
              "10.0.0.0/16"
            ],
            "bgp_community": "",
            "ddos_protection_plan": [],
            "dns_servers": [],
            "edge_zone": "",
            "encryption": [],
            "flow_timeout_in_minutes": 0,
            "guid": "d8db7fa8-1582-4a46-8d08-9a8801b42160",
            "id": "/subscriptions/7886c1e6-22c2-4bad-bb14-a5750f4e5542/resourceGroups/my-azure-resources/providers/Microsoft.Network/virtualNetworks/my-vnet",
            "location": "eastus",
            "name": "my-vnet",
            "resource_group_name": "my-azure-resources",
            "subnet": [
              {
                "address_prefixes": [
                  "10.0.1.0/24"
                ],
                "default_outbound_access_enabled": true,
                "delegation": [],
                "id": "/subscriptions/7886c1e6-22c2-4bad-bb14-a5750f4e5542/resourceGroups/my-azure-resources/providers/Microsoft.Network/virtualNetworks/my-vnet/subnets/frontend-subnet",
                "name": "frontend-subnet",
                "private_endpoint_network_policies": "Disabled",
                "private_link_service_network_policies_enabled": true,
                "route_table_id": "",
                "security_group": "/subscriptions/7886c1e6-22c2-4bad-bb14-a5750f4e5542/resourceGroups/my-azure-resources/providers/Microsoft.Network/networkSecurityGroups/frontend-subnet-nsg",
                "service_endpoint_policy_ids": [],
                "service_endpoints": []
              },
              {
                "address_prefixes": [
                  "10.0.2.0/24"
                ],
                "default_outbound_access_enabled": true,
                "delegation": [],
                "id": "/subscriptions/7886c1e6-22c2-4bad-bb14-a5750f4e5542/resourceGroups/my-azure-resources/providers/Microsoft.Network/virtualNetworks/my-vnet/subnets/backend-subnet",
                "name": "backend-subnet",
                "private_endpoint_network_policies": "Disabled",
                "private_link_service_network_policies_enabled": true,
                "route_table_id": "",
                "security_group": "/subscriptions/7886c1e6-22c2-4bad-bb14-a5750f4e5542/resourceGroups/my-azure-resources/providers/Microsoft.Network/networkSecurityGroups/backend-subnet-nsg",
                "service_endpoint_policy_ids": [],
                "service_endpoints": []
              },
              {
                "address_prefixes": [
                  "10.0.3.0/24"
                ],
                "default_outbound_access_enabled": true,
                "delegation": [],
                "id": "/subscriptions/7886c1e6-22c2-4bad-bb14-a5750f4e5542/resourceGroups/my-azure-resources/providers/Microsoft.Network/virtualNetworks/my-vnet/subnets/monitoring-subnet",
                "name": "monitoring-subnet",
                "private_endpoint_network_policies": "Disabled",
                "private_link_service_network_policies_enabled": true,
                "route_table_id": "",
                "security_group": "/subscriptions/7886c1e6-22c2-4bad-bb14-a5750f4e5542/resourceGroups/my-azure-resources/providers/Microsoft.Network/networkSecurityGroups/monitoring-subnet-nsg",
                "service_endpoint_policy_ids": [],
                "service_endpoints": []
              }
            ],
            "tags": {},
            "timeouts": null
          },
          "sensitive_attributes": [],
          "private": "eyJlMmJmYjczMC1lY2FhLTExZTYtOGY4OC0zNDM2M2JjN2M0YzAiOnsiY3JlYXRlIjoxODAwMDAwMDAwMDAwLCJkZWxldGUiOjE4MDAwMDAwMDAwMDAsInJlYWQiOjMwMDAwMDAwMDAwMCwidXBkYXRlIjoxODAwMDAwMDAwMDAwfX0=",
          "dependencies": [
            "azurerm_resource_group.main"
          ]
        }
      ]
    }
  ],
  "check_results": null
}
